
Microsoft Visual Studio Solution File, Format Version 12.00
# Visual Studio Version 17
VisualStudioVersion = 17.0.31903.59
MinimumVisualStudioVersion = 10.0.40219.1
Project("{2150E333-8FDC-42A3-9474-1A3956D46DE8}") = "src", "src", "{5FD13472-9B54-4636-B1B2-C0148585601B}"
EndProject
Project("{2150E333-8FDC-42A3-9474-1A3956D46DE8}") = "apps", "apps", "{1787FE1D-075E-9E68-7218-25F1BD1BBEAB}"
EndProject
Project("{2150E333-8FDC-42A3-9474-1A3956D46DE8}") = "backend", "backend", "{270F7A58-C097-D64B-0343-582534E94D4F}"
EndProject
Project("{2150E333-8FDC-42A3-9474-1A3956D46DE8}") = "TodoTask", "TodoTask", "{7C9CD5CC-DA92-766F-8BA0-5C71FCB6890C}"
EndProject
Project("{2150E333-8FDC-42A3-9474-1A3956D46DE8}") = "test", "test", "{FDEAA670-E044-4256-9E89-9B78B21B23EC}"
EndProject
Project("{FAE04EC0-301F-11D3-BF4B-00C04F79EFBC}") = "TodoTask.API", "src\TodoTask.API\TodoTask.API.csproj", "{35035DDB-132E-4C8F-A0D2-03C98149BCCE}"
EndProject
Project("{FAE04EC0-301F-11D3-BF4B-00C04F79EFBC}") = "TodoTask.Application", "src\TodoTask.Application\TodoTask.Application.csproj", "{EB76D22C-E5C4-4CF5-96A1-9E3430BDA5B3}"
EndProject
Project("{FAE04EC0-301F-11D3-BF4B-00C04F79EFBC}") = "TodoTask.Domain", "src\TodoTask.Domain\TodoTask.Domain.csproj", "{2CE6FBC3-6C38-4158-BD44-9C7AF83BACE8}"
EndProject
Project("{FAE04EC0-301F-11D3-BF4B-00C04F79EFBC}") = "TodoTask.Infrastructure", "src\TodoTask.Infrastructure\TodoTask.Infrastructure.csproj", "{18644EB0-9321-465B-8369-7E4A6DAE2EF1}"
EndProject
Project("{FAE04EC0-301F-11D3-BF4B-00C04F79EFBC}") = "TodoTask.Application.UnitTests", "test\TodoTask.Application.UnitTests\TodoTask.Application.UnitTests.csproj", "{73B4714E-2FDB-4972-AC18-46CC4FD6842A}"
EndProject
Project("{FAE04EC0-301F-11D3-BF4B-00C04F79EFBC}") = "TodoTask.Domain.UnitTests", "test\TodoTask.Domain.UnitTests\TodoTask.Domain.UnitTests.csproj", "{75E3B2FF-7BEA-4D6B-8E8A-83CED484DAC4}"
EndProject
Project("{FAE04EC0-301F-11D3-BF4B-00C04F79EFBC}") = "TodoTask.Infrastructure.UnitTests", "test\TodoTask.Infrastructure.UnitTests\TodoTask.Infrastructure.UnitTests.csproj", "{A159CB85-1C45-45B0-A29E-47840C2BA317}"
EndProject
Global
	GlobalSection(SolutionConfigurationPlatforms) = preSolution
		Debug|Any CPU = Debug|Any CPU
		Debug|x64 = Debug|x64
		Debug|x86 = Debug|x86
		Release|Any CPU = Release|Any CPU
		Release|x64 = Release|x64
		Release|x86 = Release|x86
	EndGlobalSection
	GlobalSection(ProjectConfigurationPlatforms) = postSolution
		{35035DDB-132E-4C8F-A0D2-03C98149BCCE}.Debug|Any CPU.ActiveCfg = Debug|Any CPU
		{35035DDB-132E-4C8F-A0D2-03C98149BCCE}.Debug|Any CPU.Build.0 = Debug|Any CPU
		{35035DDB-132E-4C8F-A0D2-03C98149BCCE}.Debug|x64.ActiveCfg = Debug|Any CPU
		{35035DDB-132E-4C8F-A0D2-03C98149BCCE}.Debug|x64.Build.0 = Debug|Any CPU
		{35035DDB-132E-4C8F-A0D2-03C98149BCCE}.Debug|x86.ActiveCfg = Debug|Any CPU
		{35035DDB-132E-4C8F-A0D2-03C98149BCCE}.Debug|x86.Build.0 = Debug|Any CPU
		{35035DDB-132E-4C8F-A0D2-03C98149BCCE}.Release|Any CPU.ActiveCfg = Release|Any CPU
		{35035DDB-132E-4C8F-A0D2-03C98149BCCE}.Release|Any CPU.Build.0 = Release|Any CPU
		{35035DDB-132E-4C8F-A0D2-03C98149BCCE}.Release|x64.ActiveCfg = Release|Any CPU
		{35035DDB-132E-4C8F-A0D2-03C98149BCCE}.Release|x64.Build.0 = Release|Any CPU
		{35035DDB-132E-4C8F-A0D2-03C98149BCCE}.Release|x86.ActiveCfg = Release|Any CPU
		{35035DDB-132E-4C8F-A0D2-03C98149BCCE}.Release|x86.Build.0 = Release|Any CPU
		{EB76D22C-E5C4-4CF5-96A1-9E3430BDA5B3}.Debug|Any CPU.ActiveCfg = Debug|Any CPU
		{EB76D22C-E5C4-4CF5-96A1-9E3430BDA5B3}.Debug|Any CPU.Build.0 = Debug|Any CPU
		{EB76D22C-E5C4-4CF5-96A1-9E3430BDA5B3}.Debug|x64.ActiveCfg = Debug|Any CPU
		{EB76D22C-E5C4-4CF5-96A1-9E3430BDA5B3}.Debug|x64.Build.0 = Debug|Any CPU
		{EB76D22C-E5C4-4CF5-96A1-9E3430BDA5B3}.Debug|x86.ActiveCfg = Debug|Any CPU
		{EB76D22C-E5C4-4CF5-96A1-9E3430BDA5B3}.Debug|x86.Build.0 = Debug|Any CPU
		{EB76D22C-E5C4-4CF5-96A1-9E3430BDA5B3}.Release|Any CPU.ActiveCfg = Release|Any CPU
		{EB76D22C-E5C4-4CF5-96A1-9E3430BDA5B3}.Release|Any CPU.Build.0 = Release|Any CPU
		{EB76D22C-E5C4-4CF5-96A1-9E3430BDA5B3}.Release|x64.ActiveCfg = Release|Any CPU
		{EB76D22C-E5C4-4CF5-96A1-9E3430BDA5B3}.Release|x64.Build.0 = Release|Any CPU
		{EB76D22C-E5C4-4CF5-96A1-9E3430BDA5B3}.Release|x86.ActiveCfg = Release|Any CPU
		{EB76D22C-E5C4-4CF5-96A1-9E3430BDA5B3}.Release|x86.Build.0 = Release|Any CPU
		{2CE6FBC3-6C38-4158-BD44-9C7AF83BACE8}.Debug|Any CPU.ActiveCfg = Debug|Any CPU
		{2CE6FBC3-6C38-4158-BD44-9C7AF83BACE8}.Debug|Any CPU.Build.0 = Debug|Any CPU
		{2CE6FBC3-6C38-4158-BD44-9C7AF83BACE8}.Debug|x64.ActiveCfg = Debug|Any CPU
		{2CE6FBC3-6C38-4158-BD44-9C7AF83BACE8}.Debug|x64.Build.0 = Debug|Any CPU
		{2CE6FBC3-6C38-4158-BD44-9C7AF83BACE8}.Debug|x86.ActiveCfg = Debug|Any CPU
		{2CE6FBC3-6C38-4158-BD44-9C7AF83BACE8}.Debug|x86.Build.0 = Debug|Any CPU
		{2CE6FBC3-6C38-4158-BD44-9C7AF83BACE8}.Release|Any CPU.ActiveCfg = Release|Any CPU
		{2CE6FBC3-6C38-4158-BD44-9C7AF83BACE8}.Release|Any CPU.Build.0 = Release|Any CPU
		{2CE6FBC3-6C38-4158-BD44-9C7AF83BACE8}.Release|x64.ActiveCfg = Release|Any CPU
		{2CE6FBC3-6C38-4158-BD44-9C7AF83BACE8}.Release|x64.Build.0 = Release|Any CPU
		{2CE6FBC3-6C38-4158-BD44-9C7AF83BACE8}.Release|x86.ActiveCfg = Release|Any CPU
		{2CE6FBC3-6C38-4158-BD44-9C7AF83BACE8}.Release|x86.Build.0 = Release|Any CPU
		{18644EB0-9321-465B-8369-7E4A6DAE2EF1}.Debug|Any CPU.ActiveCfg = Debug|Any CPU
		{18644EB0-9321-465B-8369-7E4A6DAE2EF1}.Debug|Any CPU.Build.0 = Debug|Any CPU
		{18644EB0-9321-465B-8369-7E4A6DAE2EF1}.Debug|x64.ActiveCfg = Debug|Any CPU
		{18644EB0-9321-465B-8369-7E4A6DAE2EF1}.Debug|x64.Build.0 = Debug|Any CPU
		{18644EB0-9321-465B-8369-7E4A6DAE2EF1}.Debug|x86.ActiveCfg = Debug|Any CPU
		{18644EB0-9321-465B-8369-7E4A6DAE2EF1}.Debug|x86.Build.0 = Debug|Any CPU
		{18644EB0-9321-465B-8369-7E4A6DAE2EF1}.Release|Any CPU.ActiveCfg = Release|Any CPU
		{18644EB0-9321-465B-8369-7E4A6DAE2EF1}.Release|Any CPU.Build.0 = Release|Any CPU
		{18644EB0-9321-465B-8369-7E4A6DAE2EF1}.Release|x64.ActiveCfg = Release|Any CPU
		{18644EB0-9321-465B-8369-7E4A6DAE2EF1}.Release|x64.Build.0 = Release|Any CPU
		{18644EB0-9321-465B-8369-7E4A6DAE2EF1}.Release|x86.ActiveCfg = Release|Any CPU
		{18644EB0-9321-465B-8369-7E4A6DAE2EF1}.Release|x86.Build.0 = Release|Any CPU
		{73B4714E-2FDB-4972-AC18-46CC4FD6842A}.Debug|Any CPU.ActiveCfg = Debug|Any CPU
		{73B4714E-2FDB-4972-AC18-46CC4FD6842A}.Debug|Any CPU.Build.0 = Debug|Any CPU
		{73B4714E-2FDB-4972-AC18-46CC4FD6842A}.Debug|x64.ActiveCfg = Debug|Any CPU
		{73B4714E-2FDB-4972-AC18-46CC4FD6842A}.Debug|x64.Build.0 = Debug|Any CPU
		{73B4714E-2FDB-4972-AC18-46CC4FD6842A}.Debug|x86.ActiveCfg = Debug|Any CPU
		{73B4714E-2FDB-4972-AC18-46CC4FD6842A}.Debug|x86.Build.0 = Debug|Any CPU
		{73B4714E-2FDB-4972-AC18-46CC4FD6842A}.Release|Any CPU.ActiveCfg = Release|Any CPU
		{73B4714E-2FDB-4972-AC18-46CC4FD6842A}.Release|Any CPU.Build.0 = Release|Any CPU
		{73B4714E-2FDB-4972-AC18-46CC4FD6842A}.Release|x64.ActiveCfg = Release|Any CPU
		{73B4714E-2FDB-4972-AC18-46CC4FD6842A}.Release|x64.Build.0 = Release|Any CPU
		{73B4714E-2FDB-4972-AC18-46CC4FD6842A}.Release|x86.ActiveCfg = Release|Any CPU
		{73B4714E-2FDB-4972-AC18-46CC4FD6842A}.Release|x86.Build.0 = Release|Any CPU
		{75E3B2FF-7BEA-4D6B-8E8A-83CED484DAC4}.Debug|Any CPU.ActiveCfg = Debug|Any CPU
		{75E3B2FF-7BEA-4D6B-8E8A-83CED484DAC4}.Debug|Any CPU.Build.0 = Debug|Any CPU
		{75E3B2FF-7BEA-4D6B-8E8A-83CED484DAC4}.Debug|x64.ActiveCfg = Debug|Any CPU
		{75E3B2FF-7BEA-4D6B-8E8A-83CED484DAC4}.Debug|x64.Build.0 = Debug|Any CPU
		{75E3B2FF-7BEA-4D6B-8E8A-83CED484DAC4}.Debug|x86.ActiveCfg = Debug|Any CPU
		{75E3B2FF-7BEA-4D6B-8E8A-83CED484DAC4}.Debug|x86.Build.0 = Debug|Any CPU
		{75E3B2FF-7BEA-4D6B-8E8A-83CED484DAC4}.Release|Any CPU.ActiveCfg = Release|Any CPU
		{75E3B2FF-7BEA-4D6B-8E8A-83CED484DAC4}.Release|Any CPU.Build.0 = Release|Any CPU
		{75E3B2FF-7BEA-4D6B-8E8A-83CED484DAC4}.Release|x64.ActiveCfg = Release|Any CPU
		{75E3B2FF-7BEA-4D6B-8E8A-83CED484DAC4}.Release|x64.Build.0 = Release|Any CPU
		{75E3B2FF-7BEA-4D6B-8E8A-83CED484DAC4}.Release|x86.ActiveCfg = Release|Any CPU
		{75E3B2FF-7BEA-4D6B-8E8A-83CED484DAC4}.Release|x86.Build.0 = Release|Any CPU
		{A159CB85-1C45-45B0-A29E-47840C2BA317}.Debug|Any CPU.ActiveCfg = Debug|Any CPU
		{A159CB85-1C45-45B0-A29E-47840C2BA317}.Debug|Any CPU.Build.0 = Debug|Any CPU
		{A159CB85-1C45-45B0-A29E-47840C2BA317}.Debug|x64.ActiveCfg = Debug|Any CPU
		{A159CB85-1C45-45B0-A29E-47840C2BA317}.Debug|x64.Build.0 = Debug|Any CPU
		{A159CB85-1C45-45B0-A29E-47840C2BA317}.Debug|x86.ActiveCfg = Debug|Any CPU
		{A159CB85-1C45-45B0-A29E-47840C2BA317}.Debug|x86.Build.0 = Debug|Any CPU
		{A159CB85-1C45-45B0-A29E-47840C2BA317}.Release|Any CPU.ActiveCfg = Release|Any CPU
		{A159CB85-1C45-45B0-A29E-47840C2BA317}.Release|Any CPU.Build.0 = Release|Any CPU
		{A159CB85-1C45-45B0-A29E-47840C2BA317}.Release|x64.ActiveCfg = Release|Any CPU
		{A159CB85-1C45-45B0-A29E-47840C2BA317}.Release|x64.Build.0 = Release|Any CPU
		{A159CB85-1C45-45B0-A29E-47840C2BA317}.Release|x86.ActiveCfg = Release|Any CPU
		{A159CB85-1C45-45B0-A29E-47840C2BA317}.Release|x86.Build.0 = Release|Any CPU
	EndGlobalSection
	GlobalSection(SolutionProperties) = preSolution
		HideSolutionNode = FALSE
	EndGlobalSection
	GlobalSection(NestedProjects) = preSolution
		{270F7A58-C097-D64B-0343-582534E94D4F} = {1787FE1D-075E-9E68-7218-25F1BD1BBEAB}
		{7C9CD5CC-DA92-766F-8BA0-5C71FCB6890C} = {270F7A58-C097-D64B-0343-582534E94D4F}
		{5FD13472-9B54-4636-B1B2-C0148585601B} = {7C9CD5CC-DA92-766F-8BA0-5C71FCB6890C}
		{FDEAA670-E044-4256-9E89-9B78B21B23EC} = {7C9CD5CC-DA92-766F-8BA0-5C71FCB6890C}
		{35035DDB-132E-4C8F-A0D2-03C98149BCCE} = {5FD13472-9B54-4636-B1B2-C0148585601B}
		{EB76D22C-E5C4-4CF5-96A1-9E3430BDA5B3} = {5FD13472-9B54-4636-B1B2-C0148585601B}
		{2CE6FBC3-6C38-4158-BD44-9C7AF83BACE8} = {5FD13472-9B54-4636-B1B2-C0148585601B}
		{18644EB0-9321-465B-8369-7E4A6DAE2EF1} = {5FD13472-9B54-4636-B1B2-C0148585601B}
		{73B4714E-2FDB-4972-AC18-46CC4FD6842A} = {FDEAA670-E044-4256-9E89-9B78B21B23EC}
		{75E3B2FF-7BEA-4D6B-8E8A-83CED484DAC4} = {FDEAA670-E044-4256-9E89-9B78B21B23EC}
		{A159CB85-1C45-45B0-A29E-47840C2BA317} = {FDEAA670-E044-4256-9E89-9B78B21B23EC}
	EndGlobalSection
EndGlobal
